{
    "_readme": [
        "This file locks the dependencies of your project to a known state",
        "Read more about it at https://getcomposer.org/doc/01-basic-usage.md#composer-lock-the-lock-file",
        "This file is @generated automatically"
    ],
    "hash": "5a74206bc1a24dd7226edde6bfc0ceab",
    "content-hash": "ee36634875182309cf58b148aa3c1626",
    "packages": [
        {
            "name": "consolibyte/quickbooks",
            "version": "3.1",
            "source": {
                "type": "git",
                "url": "https://github.com/consolibyte/quickbooks-php.git",
                "reference": "de4724a92dcd4381507776069839d5e44e286bc1"
            },
            "dist": {
                "type": "zip",
                "url": "https://api.github.com/repos/consolibyte/quickbooks-php/zipball/de4724a92dcd4381507776069839d5e44e286bc1",
                "reference": "de4724a92dcd4381507776069839d5e44e286bc1",
                "shasum": ""
            },
            "require": {
                "php": ">=5.0.0"
            },
            "type": "library",
            "autoload": {
                "files": [
                    "QuickBooks.php"
                ]
            },
            "notification-url": "https://packagist.org/downloads/",
            "license": [
                "EPL-1.0"
            ],
            "authors": [
                {
                    "name": "Keith Palmer",
                    "email": "support@consolibyte.com",
                    "homepage": "http://www.consolibyte.com/",
                    "role": "Developer"
                }
            ],
            "description": "QuickBooks DevKit with support for Intuit Anywhere, Intuit Partner Platform, Web Connector, QuickBooks Merchant Services, and more.",
            "homepage": "http://www.consolibyte.com/",
            "keywords": [
                "intuit",
                "intuit anywhere",
                "intuit data services",
                "intuit merchant services",
                "intuit partner platform",
                "qbxml",
                "quickbooks",
                "quickbooks merchant services",
                "quickbooks web connector",
                "web connector"
            ],
            "time": "2015-11-09 18:54:25"
        }
    ],
    "packages-dev": [],
    "aliases": [],
    "minimum-stability": "stable",
    "stability-flags": [],
    "prefer-stable": false,
    "prefer-lowest": false,
    "platform": [],
    "platform-dev": []
}
