{
    "_readme": [
        "This file locks the dependencies of your project to a known state",
        "Read more about it at https://getcomposer.org/doc/01-basic-usage.md#composer-lock-the-lock-file",
        "This file is @generated automatically"
    ],
    "hash": "9560472a5850aff08bbeb3ef2171e8ea",
    "content-hash": "829db169aa6fd3f795f8347eeecd02e4",
    "packages": [
        {
            "name": "consolibyte/quickbooks",
            "version": "dev-master",
            "source": {
                "type": "git",
                "url": "https://github.com/consolibyte/quickbooks-php.git",
                "reference": "06041bdae92480aa202ea3d4350f12778db19281"
            },
            "dist": {
                "type": "zip",
                "url": "https://api.github.com/repos/consolibyte/quickbooks-php/zipball/06041bdae92480aa202ea3d4350f12778db19281",
                "reference": "06041bdae92480aa202ea3d4350f12778db19281",
                "shasum": ""
            },
            "require": {
                "php": ">=5.0.0"
            },
            "type": "library",
            "autoload": {
                "files": [
                    "QuickBooks.php"
                ]
            },
            "notification-url": "https://packagist.org/downloads/",
            "license": [
                "EPL-1.0"
            ],
            "authors": [
                {
                    "name": "Keith Palmer",
                    "email": "support@consolibyte.com",
                    "homepage": "http://www.consolibyte.com/",
                    "role": "Developer"
                }
            ],
            "description": "QuickBooks DevKit with support for Intuit Anywhere, Intuit Partner Platform, Web Connector, QuickBooks Merchant Services, and more.",
            "homepage": "http://www.consolibyte.com/",
            "keywords": [
                "intuit",
                "intuit anywhere",
                "intuit data services",
                "intuit merchant services",
                "intuit partner platform",
                "qbxml",
                "quickbooks",
                "quickbooks merchant services",
                "quickbooks web connector",
                "web connector"
            ],
            "time": "2016-12-14 18:33:20"
        }
    ],
    "packages-dev": [],
    "aliases": [],
    "minimum-stability": "dev",
    "stability-flags": {
        "consolibyte/quickbooks": 20
    },
    "prefer-stable": false,
    "prefer-lowest": false,
    "platform": [],
    "platform-dev": []
}
